
Microsoft Visual Studio Solution File, Format Version 12.00
# Visual Studio Version 17
VisualStudioVersion = 17.6.33829.357
MinimumVisualStudioVersion = 10.0.40219.1
Project("{FAE04EC0-301F-11D3-BF4B-00C04F79EFBC}") = "Supermarket", "Supermarket\Supermarket.csproj", "{BDF37B12-A161-427A-9517-1F651AB7F67C}"
EndProject
Global
	GlobalSection(SolutionConfigurationPlatforms) = preSolution
		Debug|Any CPU = Debug|Any CPU
		Release|Any CPU = Release|Any CPU
	EndGlobalSection
	GlobalSection(ProjectConfigurationPlatforms) = postSolution
		{BDF37B12-A161-427A-9517-1F651AB7F67C}.Debug|Any CPU.ActiveCfg = Debug|Any CPU
		{BDF37B12-A161-427A-9517-1F651AB7F67C}.Debug|Any CPU.Build.0 = Debug|Any CPU
		{BDF37B12-A161-427A-9517-1F651AB7F67C}.Release|Any CPU.ActiveCfg = Release|Any CPU
		{BDF37B12-A161-427A-9517-1F651AB7F67C}.Release|Any CPU.Build.0 = Release|Any CPU
	EndGlobalSection
	GlobalSection(SolutionProperties) = preSolution
		HideSolutionNode = FALSE
	EndGlobalSection
	GlobalSection(ExtensibilityGlobals) = postSolution
		SolutionGuid = {75B21BBE-8F91-4A40-8E45-B10A604FAC1D}
	EndGlobalSection
EndGlobal
